
Microsoft Visual Studio Solution File, Format Version 12.00
# Visual Studio Version 16
VisualStudioVersion = 16.0.31911.196
MinimumVisualStudioVersion = 10.0.40219.1
Project("{FAE04EC0-301F-11D3-BF4B-00C04F79EFBC}") = "TVCompany", "TVCompany\TVCompany.csproj", "{A24BEBBB-952F-46DA-85D1-D75DD032D740}"
EndProject
Global
	GlobalSection(SolutionConfigurationPlatforms) = preSolution
		Debug|Any CPU = Debug|Any CPU
		Release|Any CPU = Release|Any CPU
	EndGlobalSection
	GlobalSection(ProjectConfigurationPlatforms) = postSolution
		{A24BEBBB-952F-46DA-85D1-D75DD032D740}.Debug|Any CPU.ActiveCfg = Debug|Any CPU
		{A24BEBBB-952F-46DA-85D1-D75DD032D740}.Debug|Any CPU.Build.0 = Debug|Any CPU
		{A24BEBBB-952F-46DA-85D1-D75DD032D740}.Release|Any CPU.ActiveCfg = Release|Any CPU
		{A24BEBBB-952F-46DA-85D1-D75DD032D740}.Release|Any CPU.Build.0 = Release|Any CPU
	EndGlobalSection
	GlobalSection(SolutionProperties) = preSolution
		HideSolutionNode = FALSE
	EndGlobalSection
	GlobalSection(ExtensibilityGlobals) = postSolution
		SolutionGuid = {45AE07DB-0933-464B-A473-9E863D1C30DD}
	EndGlobalSection
EndGlobal
